
Microsoft Visual Studio Solution File, Format Version 12.00
# Visual Studio Version 17
VisualStudioVersion = 17.3.32811.315
MinimumVisualStudioVersion = 10.0.40219.1
Project("{FAE04EC0-301F-11D3-BF4B-00C04F79EFBC}") = "File IO", "File IO\File IO.csproj", "{B08359FE-79DD-48C4-BD35-807F75396FFE}"
EndProject
Global
	GlobalSection(SolutionConfigurationPlatforms) = preSolution
		Debug|Any CPU = Debug|Any CPU
		Release|Any CPU = Release|Any CPU
	EndGlobalSection
	GlobalSection(ProjectConfigurationPlatforms) = postSolution
		{B08359FE-79DD-48C4-BD35-807F75396FFE}.Debug|Any CPU.ActiveCfg = Debug|Any CPU
		{B08359FE-79DD-48C4-BD35-807F75396FFE}.Debug|Any CPU.Build.0 = Debug|Any CPU
		{B08359FE-79DD-48C4-BD35-807F75396FFE}.Release|Any CPU.ActiveCfg = Release|Any CPU
		{B08359FE-79DD-48C4-BD35-807F75396FFE}.Release|Any CPU.Build.0 = Release|Any CPU
	EndGlobalSection
	GlobalSection(SolutionProperties) = preSolution
		HideSolutionNode = FALSE
	EndGlobalSection
	GlobalSection(ExtensibilityGlobals) = postSolution
		SolutionGuid = {8C3C4BDC-5D36-41B8-808E-53F9907BE62E}
	EndGlobalSection
EndGlobal
